
Microsoft Visual Studio Solution File, Format Version 12.00
# Visual Studio 2013
VisualStudioVersion = 12.0.30324.0
MinimumVisualStudioVersion = 10.0.40219.1
Project("{FAE04EC0-301F-11D3-BF4B-00C04F79EFBC}") = "BackOfficeService", "TestWebService\BackOfficeService.csproj", "{73F4CFB7-FEB7-4240-8748-403AA4C8BD7F}"
EndProject
Project("{FAE04EC0-301F-11D3-BF4B-00C04F79EFBC}") = "FredOffice.WebClient", "WebApplication1\FredOffice.WebClient.csproj", "{8F798F04-4C59-46E7-9ED4-79FA1E8F9CD1}"
EndProject
Global
	GlobalSection(SolutionConfigurationPlatforms) = preSolution
		Debug|Any CPU = Debug|Any CPU
		Release|Any CPU = Release|Any CPU
	EndGlobalSection
	GlobalSection(ProjectConfigurationPlatforms) = postSolution
		{73F4CFB7-FEB7-4240-8748-403AA4C8BD7F}.Debug|Any CPU.ActiveCfg = Debug|Any CPU
		{73F4CFB7-FEB7-4240-8748-403AA4C8BD7F}.Debug|Any CPU.Build.0 = Debug|Any CPU
		{73F4CFB7-FEB7-4240-8748-403AA4C8BD7F}.Release|Any CPU.ActiveCfg = Release|Any CPU
		{73F4CFB7-FEB7-4240-8748-403AA4C8BD7F}.Release|Any CPU.Build.0 = Release|Any CPU
		{8F798F04-4C59-46E7-9ED4-79FA1E8F9CD1}.Debug|Any CPU.ActiveCfg = Debug|Any CPU
		{8F798F04-4C59-46E7-9ED4-79FA1E8F9CD1}.Debug|Any CPU.Build.0 = Debug|Any CPU
		{8F798F04-4C59-46E7-9ED4-79FA1E8F9CD1}.Release|Any CPU.ActiveCfg = Release|Any CPU
		{8F798F04-4C59-46E7-9ED4-79FA1E8F9CD1}.Release|Any CPU.Build.0 = Release|Any CPU
	EndGlobalSection
	GlobalSection(SolutionProperties) = preSolution
		HideSolutionNode = FALSE
	EndGlobalSection
EndGlobal
