
Microsoft Visual Studio Solution File, Format Version 12.00
# Visual Studio 2013
VisualStudioVersion = 12.0.21005.1
MinimumVisualStudioVersion = 10.0.40219.1
Project("{FAE04EC0-301F-11D3-BF4B-00C04F79EFBC}") = "LetsTalk", "LetsTalk\LetsTalk\LetsTalk.csproj", "{D4470A20-CDAB-4646-83E8-067272821302}"
EndProject
Project("{FAE04EC0-301F-11D3-BF4B-00C04F79EFBC}") = "LetsTalk.iOS", "LetsTalk\LetsTalk.iOS\LetsTalk.iOS.csproj", "{7CD24779-F632-4E0C-8246-E72C4A1E1839}"
EndProject
Project("{FAE04EC0-301F-11D3-BF4B-00C04F79EFBC}") = "LetsTalk.Android", "LetsTalk\LetsTalk.Android\LetsTalk.Android.csproj", "{BAC18B8A-F3A4-4BCD-ADD0-2DA048F94439}"
EndProject
Project("{FAE04EC0-301F-11D3-BF4B-00C04F79EFBC}") = "LetsTalk.WinPhone", "LetsTalk\LetsTalk.WinPhone\LetsTalk.WinPhone.csproj", "{555254D7-2795-450B-8152-EDC6805B9B53}"
EndProject
Global
	GlobalSection(SolutionConfigurationPlatforms) = preSolution
		Ad-Hoc|Any CPU = Ad-Hoc|Any CPU
		Ad-Hoc|ARM = Ad-Hoc|ARM
		Ad-Hoc|iPhone = Ad-Hoc|iPhone
		Ad-Hoc|iPhoneSimulator = Ad-Hoc|iPhoneSimulator
		Ad-Hoc|Mixed Platforms = Ad-Hoc|Mixed Platforms
		Ad-Hoc|x86 = Ad-Hoc|x86
		AppStore|Any CPU = AppStore|Any CPU
		AppStore|ARM = AppStore|ARM
		AppStore|iPhone = AppStore|iPhone
		AppStore|iPhoneSimulator = AppStore|iPhoneSimulator
		AppStore|Mixed Platforms = AppStore|Mixed Platforms
		AppStore|x86 = AppStore|x86
		Debug|Any CPU = Debug|Any CPU
		Debug|ARM = Debug|ARM
		Debug|iPhone = Debug|iPhone
		Debug|iPhoneSimulator = Debug|iPhoneSimulator
		Debug|Mixed Platforms = Debug|Mixed Platforms
		Debug|x86 = Debug|x86
		Release|Any CPU = Release|Any CPU
		Release|ARM = Release|ARM
		Release|iPhone = Release|iPhone
		Release|iPhoneSimulator = Release|iPhoneSimulator
		Release|Mixed Platforms = Release|Mixed Platforms
		Release|x86 = Release|x86
	EndGlobalSection
	GlobalSection(ProjectConfigurationPlatforms) = postSolution
		{D4470A20-CDAB-4646-83E8-067272821302}.Ad-Hoc|Any CPU.ActiveCfg = Release|Any CPU
		{D4470A20-CDAB-4646-83E8-067272821302}.Ad-Hoc|Any CPU.Build.0 = Release|Any CPU
		{D4470A20-CDAB-4646-83E8-067272821302}.Ad-Hoc|ARM.ActiveCfg = Release|Any CPU
		{D4470A20-CDAB-4646-83E8-067272821302}.Ad-Hoc|iPhone.ActiveCfg = Release|Any CPU
		{D4470A20-CDAB-4646-83E8-067272821302}.Ad-Hoc|iPhoneSimulator.ActiveCfg = Release|Any CPU
		{D4470A20-CDAB-4646-83E8-067272821302}.Ad-Hoc|Mixed Platforms.ActiveCfg = Release|Any CPU
		{D4470A20-CDAB-4646-83E8-067272821302}.Ad-Hoc|Mixed Platforms.Build.0 = Release|Any CPU
		{D4470A20-CDAB-4646-83E8-067272821302}.Ad-Hoc|x86.ActiveCfg = Release|Any CPU
		{D4470A20-CDAB-4646-83E8-067272821302}.AppStore|Any CPU.ActiveCfg = Release|Any CPU
		{D4470A20-CDAB-4646-83E8-067272821302}.AppStore|Any CPU.Build.0 = Release|Any CPU
		{D4470A20-CDAB-4646-83E8-067272821302}.AppStore|ARM.ActiveCfg = Release|Any CPU
		{D4470A20-CDAB-4646-83E8-067272821302}.AppStore|iPhone.ActiveCfg = Release|Any CPU
		{D4470A20-CDAB-4646-83E8-067272821302}.AppStore|iPhoneSimulator.ActiveCfg = Release|Any CPU
		{D4470A20-CDAB-4646-83E8-067272821302}.AppStore|Mixed Platforms.ActiveCfg = Release|Any CPU
		{D4470A20-CDAB-4646-83E8-067272821302}.AppStore|Mixed Platforms.Build.0 = Release|Any CPU
		{D4470A20-CDAB-4646-83E8-067272821302}.AppStore|x86.ActiveCfg = Release|Any CPU
		{D4470A20-CDAB-4646-83E8-067272821302}.Debug|Any CPU.ActiveCfg = Debug|Any CPU
		{D4470A20-CDAB-4646-83E8-067272821302}.Debug|Any CPU.Build.0 = Debug|Any CPU
		{D4470A20-CDAB-4646-83E8-067272821302}.Debug|ARM.ActiveCfg = Debug|Any CPU
		{D4470A20-CDAB-4646-83E8-067272821302}.Debug|iPhone.ActiveCfg = Debug|Any CPU
		{D4470A20-CDAB-4646-83E8-067272821302}.Debug|iPhoneSimulator.ActiveCfg = Debug|Any CPU
		{D4470A20-CDAB-4646-83E8-067272821302}.Debug|Mixed Platforms.ActiveCfg = Debug|Any CPU
		{D4470A20-CDAB-4646-83E8-067272821302}.Debug|Mixed Platforms.Build.0 = Debug|Any CPU
		{D4470A20-CDAB-4646-83E8-067272821302}.Debug|x86.ActiveCfg = Debug|Any CPU
		{D4470A20-CDAB-4646-83E8-067272821302}.Release|Any CPU.ActiveCfg = Release|Any CPU
		{D4470A20-CDAB-4646-83E8-067272821302}.Release|Any CPU.Build.0 = Release|Any CPU
		{D4470A20-CDAB-4646-83E8-067272821302}.Release|ARM.ActiveCfg = Release|Any CPU
		{D4470A20-CDAB-4646-83E8-067272821302}.Release|iPhone.ActiveCfg = Release|Any CPU
		{D4470A20-CDAB-4646-83E8-067272821302}.Release|iPhoneSimulator.ActiveCfg = Release|Any CPU
		{D4470A20-CDAB-4646-83E8-067272821302}.Release|Mixed Platforms.ActiveCfg = Release|Any CPU
		{D4470A20-CDAB-4646-83E8-067272821302}.Release|Mixed Platforms.Build.0 = Release|Any CPU
		{D4470A20-CDAB-4646-83E8-067272821302}.Release|x86.ActiveCfg = Release|Any CPU
		{7CD24779-F632-4E0C-8246-E72C4A1E1839}.Ad-Hoc|Any CPU.ActiveCfg = Ad-Hoc|iPhone
		{7CD24779-F632-4E0C-8246-E72C4A1E1839}.Ad-Hoc|ARM.ActiveCfg = Ad-Hoc|iPhone
		{7CD24779-F632-4E0C-8246-E72C4A1E1839}.Ad-Hoc|iPhone.ActiveCfg = Ad-Hoc|iPhone
		{7CD24779-F632-4E0C-8246-E72C4A1E1839}.Ad-Hoc|iPhone.Build.0 = Ad-Hoc|iPhone
		{7CD24779-F632-4E0C-8246-E72C4A1E1839}.Ad-Hoc|iPhoneSimulator.ActiveCfg = Ad-Hoc|iPhoneSimulator
		{7CD24779-F632-4E0C-8246-E72C4A1E1839}.Ad-Hoc|iPhoneSimulator.Build.0 = Ad-Hoc|iPhoneSimulator
		{7CD24779-F632-4E0C-8246-E72C4A1E1839}.Ad-Hoc|Mixed Platforms.ActiveCfg = Ad-Hoc|iPhone
		{7CD24779-F632-4E0C-8246-E72C4A1E1839}.Ad-Hoc|Mixed Platforms.Build.0 = Ad-Hoc|iPhone
		{7CD24779-F632-4E0C-8246-E72C4A1E1839}.Ad-Hoc|x86.ActiveCfg = Ad-Hoc|iPhone
		{7CD24779-F632-4E0C-8246-E72C4A1E1839}.AppStore|Any CPU.ActiveCfg = AppStore|iPhone
		{7CD24779-F632-4E0C-8246-E72C4A1E1839}.AppStore|ARM.ActiveCfg = AppStore|iPhone
		{7CD24779-F632-4E0C-8246-E72C4A1E1839}.AppStore|iPhone.ActiveCfg = AppStore|iPhone
		{7CD24779-F632-4E0C-8246-E72C4A1E1839}.AppStore|iPhone.Build.0 = AppStore|iPhone
		{7CD24779-F632-4E0C-8246-E72C4A1E1839}.AppStore|iPhoneSimulator.ActiveCfg = AppStore|iPhoneSimulator
		{7CD24779-F632-4E0C-8246-E72C4A1E1839}.AppStore|iPhoneSimulator.Build.0 = AppStore|iPhoneSimulator
		{7CD24779-F632-4E0C-8246-E72C4A1E1839}.AppStore|Mixed Platforms.ActiveCfg = AppStore|iPhone
		{7CD24779-F632-4E0C-8246-E72C4A1E1839}.AppStore|Mixed Platforms.Build.0 = AppStore|iPhone
		{7CD24779-F632-4E0C-8246-E72C4A1E1839}.AppStore|x86.ActiveCfg = AppStore|iPhone
		{7CD24779-F632-4E0C-8246-E72C4A1E1839}.Debug|Any CPU.ActiveCfg = Debug|iPhone
		{7CD24779-F632-4E0C-8246-E72C4A1E1839}.Debug|ARM.ActiveCfg = Debug|iPhone
		{7CD24779-F632-4E0C-8246-E72C4A1E1839}.Debug|iPhone.ActiveCfg = Debug|iPhone
		{7CD24779-F632-4E0C-8246-E72C4A1E1839}.Debug|iPhone.Build.0 = Debug|iPhone
		{7CD24779-F632-4E0C-8246-E72C4A1E1839}.Debug|iPhoneSimulator.ActiveCfg = Debug|iPhoneSimulator
		{7CD24779-F632-4E0C-8246-E72C4A1E1839}.Debug|iPhoneSimulator.Build.0 = Debug|iPhoneSimulator
		{7CD24779-F632-4E0C-8246-E72C4A1E1839}.Debug|Mixed Platforms.ActiveCfg = Debug|iPhone
		{7CD24779-F632-4E0C-8246-E72C4A1E1839}.Debug|x86.ActiveCfg = Debug|iPhone
		{7CD24779-F632-4E0C-8246-E72C4A1E1839}.Release|Any CPU.ActiveCfg = Release|iPhone
		{7CD24779-F632-4E0C-8246-E72C4A1E1839}.Release|ARM.ActiveCfg = Release|iPhone
		{7CD24779-F632-4E0C-8246-E72C4A1E1839}.Release|iPhone.ActiveCfg = Release|iPhone
		{7CD24779-F632-4E0C-8246-E72C4A1E1839}.Release|iPhone.Build.0 = Release|iPhone
		{7CD24779-F632-4E0C-8246-E72C4A1E1839}.Release|iPhoneSimulator.ActiveCfg = Release|iPhoneSimulator
		{7CD24779-F632-4E0C-8246-E72C4A1E1839}.Release|iPhoneSimulator.Build.0 = Release|iPhoneSimulator
		{7CD24779-F632-4E0C-8246-E72C4A1E1839}.Release|Mixed Platforms.ActiveCfg = Release|iPhone
		{7CD24779-F632-4E0C-8246-E72C4A1E1839}.Release|Mixed Platforms.Build.0 = Release|iPhone
		{7CD24779-F632-4E0C-8246-E72C4A1E1839}.Release|x86.ActiveCfg = Release|iPhone
		{BAC18B8A-F3A4-4BCD-ADD0-2DA048F94439}.Ad-Hoc|Any CPU.ActiveCfg = Release|Any CPU
		{BAC18B8A-F3A4-4BCD-ADD0-2DA048F94439}.Ad-Hoc|Any CPU.Build.0 = Release|Any CPU
		{BAC18B8A-F3A4-4BCD-ADD0-2DA048F94439}.Ad-Hoc|Any CPU.Deploy.0 = Release|Any CPU
		{BAC18B8A-F3A4-4BCD-ADD0-2DA048F94439}.Ad-Hoc|ARM.ActiveCfg = Release|Any CPU
		{BAC18B8A-F3A4-4BCD-ADD0-2DA048F94439}.Ad-Hoc|iPhone.ActiveCfg = Release|Any CPU
		{BAC18B8A-F3A4-4BCD-ADD0-2DA048F94439}.Ad-Hoc|iPhoneSimulator.ActiveCfg = Release|Any CPU
		{BAC18B8A-F3A4-4BCD-ADD0-2DA048F94439}.Ad-Hoc|Mixed Platforms.ActiveCfg = Release|Any CPU
		{BAC18B8A-F3A4-4BCD-ADD0-2DA048F94439}.Ad-Hoc|Mixed Platforms.Build.0 = Release|Any CPU
		{BAC18B8A-F3A4-4BCD-ADD0-2DA048F94439}.Ad-Hoc|Mixed Platforms.Deploy.0 = Release|Any CPU
		{BAC18B8A-F3A4-4BCD-ADD0-2DA048F94439}.Ad-Hoc|x86.ActiveCfg = Release|Any CPU
		{BAC18B8A-F3A4-4BCD-ADD0-2DA048F94439}.AppStore|Any CPU.ActiveCfg = Release|Any CPU
		{BAC18B8A-F3A4-4BCD-ADD0-2DA048F94439}.AppStore|Any CPU.Build.0 = Release|Any CPU
		{BAC18B8A-F3A4-4BCD-ADD0-2DA048F94439}.AppStore|Any CPU.Deploy.0 = Release|Any CPU
		{BAC18B8A-F3A4-4BCD-ADD0-2DA048F94439}.AppStore|ARM.ActiveCfg = Release|Any CPU
		{BAC18B8A-F3A4-4BCD-ADD0-2DA048F94439}.AppStore|iPhone.ActiveCfg = Release|Any CPU
		{BAC18B8A-F3A4-4BCD-ADD0-2DA048F94439}.AppStore|iPhoneSimulator.ActiveCfg = Release|Any CPU
		{BAC18B8A-F3A4-4BCD-ADD0-2DA048F94439}.AppStore|Mixed Platforms.ActiveCfg = Release|Any CPU
		{BAC18B8A-F3A4-4BCD-ADD0-2DA048F94439}.AppStore|Mixed Platforms.Build.0 = Release|Any CPU
		{BAC18B8A-F3A4-4BCD-ADD0-2DA048F94439}.AppStore|Mixed Platforms.Deploy.0 = Release|Any CPU
		{BAC18B8A-F3A4-4BCD-ADD0-2DA048F94439}.AppStore|x86.ActiveCfg = Release|Any CPU
		{BAC18B8A-F3A4-4BCD-ADD0-2DA048F94439}.Debug|Any CPU.ActiveCfg = Debug|Any CPU
		{BAC18B8A-F3A4-4BCD-ADD0-2DA048F94439}.Debug|Any CPU.Build.0 = Debug|Any CPU
		{BAC18B8A-F3A4-4BCD-ADD0-2DA048F94439}.Debug|Any CPU.Deploy.0 = Debug|Any CPU
		{BAC18B8A-F3A4-4BCD-ADD0-2DA048F94439}.Debug|ARM.ActiveCfg = Debug|Any CPU
		{BAC18B8A-F3A4-4BCD-ADD0-2DA048F94439}.Debug|iPhone.ActiveCfg = Debug|Any CPU
		{BAC18B8A-F3A4-4BCD-ADD0-2DA048F94439}.Debug|iPhoneSimulator.ActiveCfg = Debug|Any CPU
		{BAC18B8A-F3A4-4BCD-ADD0-2DA048F94439}.Debug|Mixed Platforms.ActiveCfg = Debug|Any CPU
		{BAC18B8A-F3A4-4BCD-ADD0-2DA048F94439}.Debug|Mixed Platforms.Build.0 = Debug|Any CPU
		{BAC18B8A-F3A4-4BCD-ADD0-2DA048F94439}.Debug|Mixed Platforms.Deploy.0 = Debug|Any CPU
		{BAC18B8A-F3A4-4BCD-ADD0-2DA048F94439}.Debug|x86.ActiveCfg = Debug|Any CPU
		{BAC18B8A-F3A4-4BCD-ADD0-2DA048F94439}.Release|Any CPU.ActiveCfg = Release|Any CPU
		{BAC18B8A-F3A4-4BCD-ADD0-2DA048F94439}.Release|Any CPU.Build.0 = Release|Any CPU
		{BAC18B8A-F3A4-4BCD-ADD0-2DA048F94439}.Release|Any CPU.Deploy.0 = Release|Any CPU
		{BAC18B8A-F3A4-4BCD-ADD0-2DA048F94439}.Release|ARM.ActiveCfg = Release|Any CPU
		{BAC18B8A-F3A4-4BCD-ADD0-2DA048F94439}.Release|iPhone.ActiveCfg = Release|Any CPU
		{BAC18B8A-F3A4-4BCD-ADD0-2DA048F94439}.Release|iPhoneSimulator.ActiveCfg = Release|Any CPU
		{BAC18B8A-F3A4-4BCD-ADD0-2DA048F94439}.Release|Mixed Platforms.ActiveCfg = Release|Any CPU
		{BAC18B8A-F3A4-4BCD-ADD0-2DA048F94439}.Release|Mixed Platforms.Build.0 = Release|Any CPU
		{BAC18B8A-F3A4-4BCD-ADD0-2DA048F94439}.Release|Mixed Platforms.Deploy.0 = Release|Any CPU
		{BAC18B8A-F3A4-4BCD-ADD0-2DA048F94439}.Release|x86.ActiveCfg = Release|Any CPU
		{555254D7-2795-450B-8152-EDC6805B9B53}.Ad-Hoc|Any CPU.ActiveCfg = Release|Any CPU
		{555254D7-2795-450B-8152-EDC6805B9B53}.Ad-Hoc|Any CPU.Build.0 = Release|Any CPU
		{555254D7-2795-450B-8152-EDC6805B9B53}.Ad-Hoc|Any CPU.Deploy.0 = Release|Any CPU
		{555254D7-2795-450B-8152-EDC6805B9B53}.Ad-Hoc|ARM.ActiveCfg = Release|ARM
		{555254D7-2795-450B-8152-EDC6805B9B53}.Ad-Hoc|ARM.Build.0 = Release|ARM
		{555254D7-2795-450B-8152-EDC6805B9B53}.Ad-Hoc|ARM.Deploy.0 = Release|ARM
		{555254D7-2795-450B-8152-EDC6805B9B53}.Ad-Hoc|iPhone.ActiveCfg = Release|Any CPU
		{555254D7-2795-450B-8152-EDC6805B9B53}.Ad-Hoc|iPhoneSimulator.ActiveCfg = Release|Any CPU
		{555254D7-2795-450B-8152-EDC6805B9B53}.Ad-Hoc|Mixed Platforms.ActiveCfg = Release|x86
		{555254D7-2795-450B-8152-EDC6805B9B53}.Ad-Hoc|Mixed Platforms.Build.0 = Release|x86
		{555254D7-2795-450B-8152-EDC6805B9B53}.Ad-Hoc|Mixed Platforms.Deploy.0 = Release|x86
		{555254D7-2795-450B-8152-EDC6805B9B53}.Ad-Hoc|x86.ActiveCfg = Release|x86
		{555254D7-2795-450B-8152-EDC6805B9B53}.Ad-Hoc|x86.Build.0 = Release|x86
		{555254D7-2795-450B-8152-EDC6805B9B53}.Ad-Hoc|x86.Deploy.0 = Release|x86
		{555254D7-2795-450B-8152-EDC6805B9B53}.AppStore|Any CPU.ActiveCfg = Release|Any CPU
		{555254D7-2795-450B-8152-EDC6805B9B53}.AppStore|Any CPU.Build.0 = Release|Any CPU
		{555254D7-2795-450B-8152-EDC6805B9B53}.AppStore|Any CPU.Deploy.0 = Release|Any CPU
		{555254D7-2795-450B-8152-EDC6805B9B53}.AppStore|ARM.ActiveCfg = Release|ARM
		{555254D7-2795-450B-8152-EDC6805B9B53}.AppStore|ARM.Build.0 = Release|ARM
		{555254D7-2795-450B-8152-EDC6805B9B53}.AppStore|ARM.Deploy.0 = Release|ARM
		{555254D7-2795-450B-8152-EDC6805B9B53}.AppStore|iPhone.ActiveCfg = Release|Any CPU
		{555254D7-2795-450B-8152-EDC6805B9B53}.AppStore|iPhoneSimulator.ActiveCfg = Release|Any CPU
		{555254D7-2795-450B-8152-EDC6805B9B53}.AppStore|Mixed Platforms.ActiveCfg = Release|x86
		{555254D7-2795-450B-8152-EDC6805B9B53}.AppStore|Mixed Platforms.Build.0 = Release|x86
		{555254D7-2795-450B-8152-EDC6805B9B53}.AppStore|Mixed Platforms.Deploy.0 = Release|x86
		{555254D7-2795-450B-8152-EDC6805B9B53}.AppStore|x86.ActiveCfg = Release|x86
		{555254D7-2795-450B-8152-EDC6805B9B53}.AppStore|x86.Build.0 = Release|x86
		{555254D7-2795-450B-8152-EDC6805B9B53}.AppStore|x86.Deploy.0 = Release|x86
		{555254D7-2795-450B-8152-EDC6805B9B53}.Debug|Any CPU.ActiveCfg = Debug|Any CPU
		{555254D7-2795-450B-8152-EDC6805B9B53}.Debug|Any CPU.Build.0 = Debug|Any CPU
		{555254D7-2795-450B-8152-EDC6805B9B53}.Debug|Any CPU.Deploy.0 = Debug|Any CPU
		{555254D7-2795-450B-8152-EDC6805B9B53}.Debug|ARM.ActiveCfg = Debug|ARM
		{555254D7-2795-450B-8152-EDC6805B9B53}.Debug|ARM.Build.0 = Debug|ARM
		{555254D7-2795-450B-8152-EDC6805B9B53}.Debug|ARM.Deploy.0 = Debug|ARM
		{555254D7-2795-450B-8152-EDC6805B9B53}.Debug|iPhone.ActiveCfg = Debug|Any CPU
		{555254D7-2795-450B-8152-EDC6805B9B53}.Debug|iPhoneSimulator.ActiveCfg = Debug|Any CPU
		{555254D7-2795-450B-8152-EDC6805B9B53}.Debug|Mixed Platforms.ActiveCfg = Debug|x86
		{555254D7-2795-450B-8152-EDC6805B9B53}.Debug|Mixed Platforms.Build.0 = Debug|x86
		{555254D7-2795-450B-8152-EDC6805B9B53}.Debug|Mixed Platforms.Deploy.0 = Debug|x86
		{555254D7-2795-450B-8152-EDC6805B9B53}.Debug|x86.ActiveCfg = Debug|x86
		{555254D7-2795-450B-8152-EDC6805B9B53}.Debug|x86.Build.0 = Debug|x86
		{555254D7-2795-450B-8152-EDC6805B9B53}.Debug|x86.Deploy.0 = Debug|x86
		{555254D7-2795-450B-8152-EDC6805B9B53}.Release|Any CPU.ActiveCfg = Release|Any CPU
		{555254D7-2795-450B-8152-EDC6805B9B53}.Release|Any CPU.Build.0 = Release|Any CPU
		{555254D7-2795-450B-8152-EDC6805B9B53}.Release|Any CPU.Deploy.0 = Release|Any CPU
		{555254D7-2795-450B-8152-EDC6805B9B53}.Release|ARM.ActiveCfg = Release|ARM
		{555254D7-2795-450B-8152-EDC6805B9B53}.Release|ARM.Build.0 = Release|ARM
		{555254D7-2795-450B-8152-EDC6805B9B53}.Release|ARM.Deploy.0 = Release|ARM
		{555254D7-2795-450B-8152-EDC6805B9B53}.Release|iPhone.ActiveCfg = Release|Any CPU
		{555254D7-2795-450B-8152-EDC6805B9B53}.Release|iPhoneSimulator.ActiveCfg = Release|Any CPU
		{555254D7-2795-450B-8152-EDC6805B9B53}.Release|Mixed Platforms.ActiveCfg = Release|x86
		{555254D7-2795-450B-8152-EDC6805B9B53}.Release|Mixed Platforms.Build.0 = Release|x86
		{555254D7-2795-450B-8152-EDC6805B9B53}.Release|Mixed Platforms.Deploy.0 = Release|x86
		{555254D7-2795-450B-8152-EDC6805B9B53}.Release|x86.ActiveCfg = Release|x86
		{555254D7-2795-450B-8152-EDC6805B9B53}.Release|x86.Build.0 = Release|x86
		{555254D7-2795-450B-8152-EDC6805B9B53}.Release|x86.Deploy.0 = Release|x86
	EndGlobalSection
	GlobalSection(SolutionProperties) = preSolution
		HideSolutionNode = FALSE
	EndGlobalSection
EndGlobal
